
Microsoft Visual Studio Solution File, Format Version 12.00
# Visual Studio Version 17
VisualStudioVersion = 17.13.35617.110
MinimumVisualStudioVersion = 10.0.40219.1
Project("{FAE04EC0-301F-11D3-BF4B-00C04F79EFBC}") = "EjercicioWeb-SoriaLucia", "EjercicioWeb-SoriaLucia\EjercicioWeb-SoriaLucia.csproj", "{4DA98C98-4D39-45A2-BE42-6236D93B710E}"
EndProject
Global
	GlobalSection(SolutionConfigurationPlatforms) = preSolution
		Debug|Any CPU = Debug|Any CPU
		Release|Any CPU = Release|Any CPU
	EndGlobalSection
	GlobalSection(ProjectConfigurationPlatforms) = postSolution
		{4DA98C98-4D39-45A2-BE42-6236D93B710E}.Debug|Any CPU.ActiveCfg = Debug|Any CPU
		{4DA98C98-4D39-45A2-BE42-6236D93B710E}.Debug|Any CPU.Build.0 = Debug|Any CPU
		{4DA98C98-4D39-45A2-BE42-6236D93B710E}.Release|Any CPU.ActiveCfg = Release|Any CPU
		{4DA98C98-4D39-45A2-BE42-6236D93B710E}.Release|Any CPU.Build.0 = Release|Any CPU
	EndGlobalSection
	GlobalSection(SolutionProperties) = preSolution
		HideSolutionNode = FALSE
	EndGlobalSection
	GlobalSection(ExtensibilityGlobals) = postSolution
		SolutionGuid = {D6A5D2BF-F734-4949-A36D-86306E513853}
	EndGlobalSection
EndGlobal
